# THIS IS AN AUTOGENERATED FILE. DO NOT EDIT THIS FILE DIRECTLY.
# yarn lockfile v1


through-gulp@^0.5.0:
  version "0.5.0"
  resolved "http://registry.npm.taobao.org/through-gulp/download/through-gulp-0.5.0.tgz#55857ab20235a2fb55d9e8855a9ac15bb6299f25"
  dependencies:
    underscore "^1.8.3"

underscore@^1.8.3:
  version "1.8.3"
  resolved "http://registry.npm.taobao.org/underscore/download/underscore-1.8.3.tgz#4f3fb53b106e6097fcf9cb4109f2a5e9bdfa5022"
